
Microsoft Visual Studio Solution File, Format Version 12.00
# Visual Studio 2012
Project("{FAE04EC0-301F-11D3-BF4B-00C04F79EFBC}") = "ERConsole", "ERConsole\ERConsole.csproj", "{43A2D7CB-53CF-4091-A1A7-8E0587B37878}"
EndProject
Project("{2150E333-8FDC-42A3-9474-1A3956D46DE8}") = "Solution Items", "Solution Items", "{F56E0F9F-B9F2-473F-BDB8-5413264DA1C4}"
EndProject
Global
	GlobalSection(SolutionConfigurationPlatforms) = preSolution
		Debug|Any CPU = Debug|Any CPU
		Release|Any CPU = Release|Any CPU
	EndGlobalSection
	GlobalSection(ProjectConfigurationPlatforms) = postSolution
		{43A2D7CB-53CF-4091-A1A7-8E0587B37878}.Debug|Any CPU.ActiveCfg = Debug|Any CPU
		{43A2D7CB-53CF-4091-A1A7-8E0587B37878}.Debug|Any CPU.Build.0 = Debug|Any CPU
		{43A2D7CB-53CF-4091-A1A7-8E0587B37878}.Release|Any CPU.ActiveCfg = Release|Any CPU
		{43A2D7CB-53CF-4091-A1A7-8E0587B37878}.Release|Any CPU.Build.0 = Release|Any CPU
	EndGlobalSection
	GlobalSection(SolutionProperties) = preSolution
		HideSolutionNode = FALSE
	EndGlobalSection
EndGlobal
